// !$*UTF8*$!
{
	archiveVersion = 1;
	classes = {
	};
	objectVersion = 50;
	objects = {

/* Begin PBXBuildFile section */
		040EDCDA2237169B0026539F /* AppDelegate.swift in Sources */ = {isa = PBXBuildFile; fileRef = 040EDCD92237169B0026539F /* AppDelegate.swift */; };
		040EDCDC2237169B0026539F /* MenuTableViewController.swift in Sources */ = {isa = PBXBuildFile; fileRef = 040EDCDB2237169B0026539F /* MenuTableViewController.swift */; };
		040EDCDF2237169B0026539F /* Main.storyboard in Resources */ = {isa = PBXBuildFile; fileRef = 040EDCDD2237169B0026539F /* Main.storyboard */; };
		040EDCE12237169B0026539F /* Assets.xcassets in Resources */ = {isa = PBXBuildFile; fileRef = 040EDCE02237169B0026539F /* Assets.xcassets */; };
		040EDCE42237169B0026539F /* LaunchScreen.storyboard in Resources */ = {isa = PBXBuildFile; fileRef = 040EDCE22237169B0026539F /* LaunchScreen.storyboard */; };
/* End PBXBuildFile section */

/* Begin PBXFileReference section */
		040EDCD62237169B0026539F /* C0750127_DAY5_MAD3115.app */ = {isa = PBXFileReference; explicitFileType = wrapper.application; includeInIndex = 0; path = C0750127_DAY5_MAD3115.app; sourceTree = BUILT_PRODUCTS_DIR; };
		040EDCD92237169B0026539F /* AppDelegate.swift */ = {isa = PBXFileReference; lastKnownFileType = sourcecode.swift; path = AppDelegate.swift; sourceTree = "<group>"; };
		040EDCDB2237169B0026539F /* MenuTableViewController.swift */ = {isa = PBXFileReference; lastKnownFileType = sourcecode.swift; path = MenuTableViewController.swift; sourceTree = "<group>"; };
		040EDCDE2237169B0026539F /* Base */ = {isa = PBXFileReference; lastKnownFileType = file.storyboard; name = Base; path = Base.lproj/Main.storyboard; sourceTree = "<group>"; };
		040EDCE02237169B0026539F /* Assets.xcassets */ = {isa = PBXFileReference; lastKnownFileType = folder.assetcatalog; path = Assets.xcassets; sourceTree = "<group>"; };
		040EDCE32237169B0026539F /* Base */ = {isa = PBXFileReference; lastKnownFileType = file.storyboard; name = Base; path = Base.lproj/LaunchScreen.storyboard; sourceTree = "<group>"; };
		040EDCE52237169B0026539F /* Info.plist */ = {isa = PBXFileReference; lastKnownFileType = text.plist.xml; path = Info.plist; sourceTree = "<group>"; };
/* End PBXFileReference section */

/* Begin PBXFrameworksBuildPhase section */
		040EDCD32237169B0026539F /* Frameworks */ = {
			isa = PBXFrameworksBuildPhase;
			buildActionMask = 2147483647;
			files = (
			);
			runOnlyForDeploymentPostprocessing = 0;
		};
/* End PBXFrameworksBuildPhase section */

/* Begin PBXGroup section */
		040EDCCD2237169A0026539F = {
			isa = PBXGroup;
			children = (
				040EDCD82237169B0026539F /* C0750127_DAY5_MAD3115 */,
				040EDCD72237169B0026539F /* Products */,
			);
			sourceTree = "<group>";
		};
		040EDCD72237169B0026539F /* Products */ = {
			isa = PBXGroup;
			children = (
				040EDCD62237169B0026539F /* C0750127_DAY5_MAD3115.app */,
			);
			name = Products;
			sourceTree = "<group>";
		};
		040EDCD82237169B0026539F /* C0750127_DAY5_MAD3115 */ = {
			isa = PBXGroup;
			children = (
				040EDCD92237169B0026539F /* AppDelegate.swift */,
				040EDCDB2237169B0026539F /* MenuTableViewController.swift */,
				040EDCDD2237169B0026539F /* Main.storyboard */,
				040EDCE02237169B0026539F /* Assets.xcassets */,
				040EDCE22237169B0026539F /* LaunchScreen.storyboard */,
				040EDCE52237169B0026539F /* Info.plist */,
			);
			path = C0750127_DAY5_MAD3115;
			sourceTree = "<group>";
		};
/* End PBXGroup section */

/* Begin PBXNativeTarget section */
		040EDCD52237169B0026539F /* C0750127_DAY5_MAD3115 */ = {
			isa = PBXNativeTarget;
			buildConfigurationList = 040EDCE82237169B0026539F /* Build configuration list for PBXNativeTarget "C0750127_DAY5_MAD3115" */;
			buildPhases = (
				040EDCD22237169B0026539F /* Sources */,
				040EDCD32237169B0026539F /* Frameworks */,
				040EDCD42237169B0026539F /* Resources */,
			);
			buildRules = (
			);
			dependencies = (
			);
			name = C0750127_DAY5_MAD3115;
			productName = C0750127_DAY5_MAD3115;
			productReference = 040EDCD62237169B0026539F /* C0750127_DAY5_MAD3115.app */;
			productType = "com.apple.product-type.application";
		};
/* End PBXNativeTarget section */

/* Begin PBXProject section */
		040EDCCE2237169A0026539F /* Project object */ = {
			isa = PBXProject;
			attributes = {
				LastSwiftUpdateCheck = 1010;
				LastUpgradeCheck = 1010;
				ORGANIZATIONNAME = "Lambton College";
				TargetAttributes = {
					040EDCD52237169B0026539F = {
						CreatedOnToolsVersion = 10.1;
					};
				};
			};
			buildConfigurationList = 040EDCD12237169A0026539F /* Build configuration list for PBXProject "C0750127_DAY5_MAD3115" */;
			compatibilityVersion = "Xcode 9.3";
			developmentRegion = en;
			hasScannedForEncodings = 0;
			knownRegions = (
				en,
				Base,
			);
			mainGroup = 040EDCCD2237169A0026539F;
			productRefGroup = 040EDCD72237169B0026539F /* Products */;
			projectDirPath = "";
			projectRoot = "";
			targets = (
				040EDCD52237169B0026539F /* C0750127_DAY5_MAD3115 */,
			);
		};
/* End PBXProject section */

/* Begin PBXResourcesBuildPhase section */
		040EDCD42237169B0026539F /* Resources */ = {
			isa = PBXResourcesBuildPhase;
			buildActionMask = 2147483647;
			files = (
				040EDCE42237169B0026539F /* LaunchScreen.storyboard in Resources */,
				040EDCE12237169B0026539F /* Assets.xcassets in Resources */,
				040EDCDF2237169B0026539F /* Main.storyboard in Resources */,
			);
			runOnlyForDeploymentPostprocessing = 0;
		};
/* End PBXResourcesBuildPhase section */

/* Begin PBXSourcesBuildPhase section */
		040EDCD22237169B0026539F /* Sources */ = {
			isa = PBXSourcesBuildPhase;
			buildActionMask = 2147483647;
			files = (
				040EDCDC2237169B0026539F /* MenuTableViewController.swift in Sources */,
				040EDCDA2237169B0026539F /* AppDelegate.swift in Sources */,
			);
			runOnlyForDeploymentPostprocessing = 0;
		};
/* End PBXSourcesBuildPhase section */

/* Begin PBXVariantGroup section */
		040EDCDD2237169B0026539F /* Main.storyboard */ = {
			isa = PBXVariantGroup;
			children = (
				040EDCDE2237169B0026539F /* Base */,
			);
			name = Main.storyboard;
			sourceTree = "<group>";
		};
		040EDCE22237169B0026539F /* LaunchScreen.storyboard */ = {
			isa = PBXVariantGroup;
			children = (
				040EDCE32237169B0026539F /* Base */,
			);
			name = LaunchScreen.storyboard;
			sourceTree = "<group>";
		};
/* End PBXVariantGroup section */

/* Begin XCBuildConfiguration section */
		040EDCE62237169B0026539F /* Debug */ = {
			isa = XCBuildConfiguration;
			buildSettings = {
				ALWAYS_SEARCH_USER_PATHS = NO;
				CLANG_ANALYZER_NONNULL = YES;
				CLANG_ANALYZER_NUMBER_OBJECT_CONVERSION = YES_AGGRESSIVE;
				CLANG_CXX_LANGUAGE_STANDARD = "gnu++14";
				CLANG_CXX_LIBRARY = "libc++";
				CLANG_ENABLE_MODULES = YES;
				CLANG_ENABLE_OBJC_ARC = YES;
				CLANG_ENABLE_OBJC_WEAK = YES;
				CLANG_WARN_BLOCK_CAPTURE_AUTORELEASING = YES;
				CLANG_WARN_BOOL_CONVERSION = YES;
				CLANG_WARN_COMMA = YES;
				CLANG_WARN_CONSTANT_CONVERSION = YES;
				CLANG_WARN_DEPRECATED_OBJC_IMPLEMENTATIONS = YES;
				CLANG_WARN_DIRECT_OBJC_ISA_USAGE = YES_ERROR;
				CLANG_WARN_DOCUMENTATION_COMMENTS = YES;
				CLANG_WARN_EMPTY_BODY = YES;
				CLANG_WARN_ENUM_CONVERSION = YES;
				CLANG_WARN_INFINITE_RECURSION = YES;
				CLANG_WARN_INT_CONVERSION = YES;
				CLANG_WARN_NON_LITERAL_NULL_CONVERSION = YES;
				CLANG_WARN_OBJC_IMPLICIT_RETAIN_SELF = YES;
				CLANG_WARN_OBJC_LITERAL_CONVERSION = YES;
				CLANG_WARN_OBJC_ROOT_CLASS = YES_ERROR;
				CLANG_WARN_RANGE_LOOP_ANALYSIS = YES;
				CLANG_WARN_STRICT_PROTOTYPES = YES;
				CLANG_WARN_SUSPICIOUS_MOVE = YES;
				CLANG_WARN_UNGUARDED_AVAILABILITY = YES_AGGRESSIVE;
				CLANG_WARN_UNREACHABLE_CODE = YES;
				CLANG_WARN__DUPLICATE_METHOD_MATCH = YES;
				CODE_SIGN_IDENTITY = "iPhone Developer";
				COPY_PHASE_STRIP = NO;
				DEBUG_INFORMATION_FORMAT = dwarf;
				ENABLE_STRICT_OBJC_MSGSEND = YES;
				ENABLE_TESTABILITY = YES;
				GCC_C_LANGUAGE_STANDARD = gnu11;
				GCC_DYNAMIC_NO_PIC = NO;
				GCC_NO_COMMON_BLOCKS = YES;
				GCC_OPTIMIZATION_LEVEL = 0;
				GCC_PREPROCESSOR_DEFINITIONS = (
					"DEBUG=1",
					"$(inherited)",
				);
				GCC_WARN_64_TO_32_BIT_CONVERSION = YES;
				GCC_WARN_ABOUT_RETURN_TYPE = YES_ERROR;
				GCC_WARN_UNDECLARED_SELECTOR = YES;
				GCC_WARN_UNINITIALIZED_AUTOS = YES_AGGRESSIVE;
				GCC_WARN_UNUSED_FUNCTION = YES;
				GCC_WARN_UNUSED_VARIABLE = YES;
				IPHONEOS_DEPLOYMENT_TARGET = 12.1;
				MTL_ENABLE_DEBUG_INFO = INCLUDE_SOURCE;
				MTL_FAST_MATH = YES;
				ONLY_ACTIVE_ARCH = YES;
				SDKROOT = iphoneos;
				SWIFT_ACTIVE_COMPILATION_CONDITIONS = DEBUG;
				SWIFT_OPTIMIZATION_LEVEL = "-Onone";
			};
			name = Debug;
		};
		040EDCE72237169B0026539F /* Release */ = {
			isa = XCBuildConfiguration;
			buildSettings = {
				ALWAYS_SEARCH_USER_PATHS = NO;
				CLANG_ANALYZER_NONNULL = YES;
				CLANG_ANALYZER_NUMBER_OBJECT_CONVERSION = YES_AGGRESSIVE;
				CLANG_CXX_LANGUAGE_STANDARD = "gnu++14";
				CLANG_CXX_LIBRARY = "libc++";
				CLANG_ENABLE_MODULES = YES;
				CLANG_ENABLE_OBJC_ARC = YES;
				CLANG_ENABLE_OBJC_WEAK = YES;
				CLANG_WARN_BLOCK_CAPTURE_AUTORELEASING = YES;
				CLANG_WARN_BOOL_CONVERSION = YES;
				CLANG_WARN_COMMA = YES;
				CLANG_WARN_CONSTANT_CONVERSION = YES;
				CLANG_WARN_DEPRECATED_OBJC_IMPLEMENTATIONS = YES;
				CLANG_WARN_DIRECT_OBJC_ISA_USAGE = YES_ERROR;
				CLANG_WARN_DOCUMENTATION_COMMENTS = YES;
				CLANG_WARN_EMPTY_BODY = YES;
				CLANG_WARN_ENUM_CONVERSION = YES;
				CLANG_WARN_INFINITE_RECURSION = YES;
				CLANG_WARN_INT_CONVERSION = YES;
				CLANG_WARN_NON_LITERAL_NULL_CONVERSION = YES;
				CLANG_WARN_OBJC_IMPLICIT_RETAIN_SELF = YES;
				CLANG_WARN_OBJC_LITERAL_CONVERSION = YES;
				CLANG_WARN_OBJC_ROOT_CLASS = YES_ERROR;
				CLANG_WARN_RANGE_LOOP_ANALYSIS = YES;
				CLANG_WARN_STRICT_PROTOTYPES = YES;
				CLANG_WARN_SUSPICIOUS_MOVE = YES;
				CLANG_WARN_UNGUARDED_AVAILABILITY = YES_AGGRESSIVE;
				CLANG_WARN_UNREACHABLE_CODE = YES;
				CLANG_WARN__DUPLICATE_METHOD_MATCH = YES;
				CODE_SIGN_IDENTITY = "iPhone Developer";
				COPY_PHASE_STRIP = NO;
				DEBUG_INFORMATION_FORMAT = "dwarf-with-dsym";
				ENABLE_NS_ASSERTIONS = NO;
				ENABLE_STRICT_OBJC_MSGSEND = YES;
				GCC_C_LANGUAGE_STANDARD = gnu11;
				GCC_NO_COMMON_BLOCKS = YES;
				GCC_WARN_64_TO_32_BIT_CONVERSION = YES;
				GCC_WARN_ABOUT_RETURN_TYPE = YES_ERROR;
				GCC_WARN_UNDECLARED_SELECTOR = YES;
				GCC_WARN_UNINITIALIZED_AUTOS = YES_AGGRESSIVE;
				GCC_WARN_UNUSED_FUNCTION = YES;
				GCC_WARN_UNUSED_VARIABLE = YES;
				IPHONEOS_DEPLOYMENT_TARGET = 12.1;
				MTL_ENABLE_DEBUG_INFO = NO;
				MTL_FAST_MATH = YES;
				SDKROOT = iphoneos;
				SWIFT_COMPILATION_MODE = wholemodule;
				SWIFT_OPTIMIZATION_LEVEL = "-O";
				VALIDATE_PRODUCT = YES;
			};
			name = Release;
		};
		040EDCE92237169B0026539F /* Debug */ = {
			isa = XCBuildConfiguration;
			buildSettings = {
				ASSETCATALOG_COMPILER_APPICON_NAME = AppIcon;
				CODE_SIGN_STYLE = Automatic;
				DEVELOPMENT_TEAM = UXR768RJ2F;
				INFOPLIST_FILE = C0750127_DAY5_MAD3115/Info.plist;
				LD_RUNPATH_SEARCH_PATHS = (
					"$(inherited)",
					"@executable_path/Frameworks",
				);
				PRODUCT_BUNDLE_IDENTIFIER = "com.lambton.C0750127-DAY5-MAD3115";
				PRODUCT_NAME = "$(TARGET_NAME)";
				SWIFT_VERSION = 4.2;
				TARGETED_DEVICE_FAMILY = "1,2";
			};
			name = Debug;
		};
		040EDCEA2237169B0026539F /* Release */ = {
			isa = XCBuildConfiguration;
			buildSettings = {
				ASSETCATALOG_COMPILER_APPICON_NAME = AppIcon;
				CODE_SIGN_STYLE = Automatic;
				DEVELOPMENT_TEAM = UXR768RJ2F;
				INFOPLIST_FILE = C0750127_DAY5_MAD3115/Info.plist;
				LD_RUNPATH_SEARCH_PATHS = (
					"$(inherited)",
					"@executable_path/Frameworks",
				);
				PRODUCT_BUNDLE_IDENTIFIER = "com.lambton.C0750127-DAY5-MAD3115";
				PRODUCT_NAME = "$(TARGET_NAME)";
				SWIFT_VERSION = 4.2;
				TARGETED_DEVICE_FAMILY = "1,2";
			};
			name = Release;
		};
/* End XCBuildConfiguration section */

/* Begin XCConfigurationList section */
		040EDCD12237169A0026539F /* Build configuration list for PBXProject "C0750127_DAY5_MAD3115" */ = {
			isa = XCConfigurationList;
			buildConfigurations = (
				040EDCE62237169B0026539F /* Debug */,
				040EDCE72237169B0026539F /* Release */,
			);
			defaultConfigurationIsVisible = 0;
			defaultConfigurationName = Release;
		};
		040EDCE82237169B0026539F /* Build configuration list for PBXNativeTarget "C0750127_DAY5_MAD3115" */ = {
			isa = XCConfigurationList;
			buildConfigurations = (
				040EDCE92237169B0026539F /* Debug */,
				040EDCEA2237169B0026539F /* Release */,
			);
			defaultConfigurationIsVisible = 0;
			defaultConfigurationName = Release;
		};
/* End XCConfigurationList section */
	};
	rootObject = 040EDCCE2237169A0026539F /* Project object */;
}
